// !$*UTF8*$!
{
	archiveVersion = 1;
	classes = {
	};
	objectVersion = 56;
	objects = {

/* Begin PBXBuildFile section */
		9B94BE0C2C221E3700C443DF /* First_iOS_AppApp.swift in Sources */ = {isa = PBXBuildFile; fileRef = 9B94BE0B2C221E3700C443DF /* First_iOS_AppApp.swift */; };
		9B94BE0E2C221E3700C443DF /* ContentView.swift in Sources */ = {isa = PBXBuildFile; fileRef = 9B94BE0D2C221E3700C443DF /* ContentView.swift */; };
		9B94BE102C221E3900C443DF /* Assets.xcassets in Resources */ = {isa = PBXBuildFile; fileRef = 9B94BE0F2C221E3900C443DF /* Assets.xcassets */; };
		9B94BE132C221E3900C443DF /* Preview Assets.xcassets in Resources */ = {isa = PBXBuildFile; fileRef = 9B94BE122C221E3900C443DF /* Preview Assets.xcassets */; };
		9B94BE1D2C221E3A00C443DF /* First_iOS_AppTests.swift in Sources */ = {isa = PBXBuildFile; fileRef = 9B94BE1C2C221E3A00C443DF /* First_iOS_AppTests.swift */; };
		9B94BE272C221E3A00C443DF /* First_iOS_AppUITests.swift in Sources */ = {isa = PBXBuildFile; fileRef = 9B94BE262C221E3A00C443DF /* First_iOS_AppUITests.swift */; };
		9B94BE292C221E3A00C443DF /* First_iOS_AppUITestsLaunchTests.swift in Sources */ = {isa = PBXBuildFile; fileRef = 9B94BE282C221E3A00C443DF /* First_iOS_AppUITestsLaunchTests.swift */; };
/* End PBXBuildFile section */

/* Begin PBXContainerItemProxy section */
		9B94BE192C221E3A00C443DF /* PBXContainerItemProxy */ = {
			isa = PBXContainerItemProxy;
			containerPortal = 9B94BE002C221E3700C443DF /* Project object */;
			proxyType = 1;
			remoteGlobalIDString = 9B94BE072C221E3700C443DF;
			remoteInfo = First_iOS_App;
		};
		9B94BE232C221E3A00C443DF /* PBXContainerItemProxy */ = {
			isa = PBXContainerItemProxy;
			containerPortal = 9B94BE002C221E3700C443DF /* Project object */;
			proxyType = 1;
			remoteGlobalIDString = 9B94BE072C221E3700C443DF;
			remoteInfo = First_iOS_App;
		};
/* End PBXContainerItemProxy section */

/* Begin PBXFileReference section */
		9B94BE082C221E3700C443DF /* First_iOS_App.app */ = {isa = PBXFileReference; explicitFileType = wrapper.application; includeInIndex = 0; path = First_iOS_App.app; sourceTree = BUILT_PRODUCTS_DIR; };
		9B94BE0B2C221E3700C443DF /* First_iOS_AppApp.swift */ = {isa = PBXFileReference; lastKnownFileType = sourcecode.swift; path = First_iOS_AppApp.swift; sourceTree = "<group>"; };
		9B94BE0D2C221E3700C443DF /* ContentView.swift */ = {isa = PBXFileReference; lastKnownFileType = sourcecode.swift; path = ContentView.swift; sourceTree = "<group>"; };
		9B94BE0F2C221E3900C443DF /* Assets.xcassets */ = {isa = PBXFileReference; lastKnownFileType = folder.assetcatalog; path = Assets.xcassets; sourceTree = "<group>"; };
		9B94BE122C221E3900C443DF /* Preview Assets.xcassets */ = {isa = PBXFileReference; lastKnownFileType = folder.assetcatalog; path = "Preview Assets.xcassets"; sourceTree = "<group>"; };
		9B94BE182C221E3A00C443DF /* First_iOS_AppTests.xctest */ = {isa = PBXFileReference; explicitFileType = wrapper.cfbundle; includeInIndex = 0; path = First_iOS_AppTests.xctest; sourceTree = BUILT_PRODUCTS_DIR; };
		9B94BE1C2C221E3A00C443DF /* First_iOS_AppTests.swift */ = {isa = PBXFileReference; lastKnownFileType = sourcecode.swift; path = First_iOS_AppTests.swift; sourceTree = "<group>"; };
		9B94BE222C221E3A00C443DF /* First_iOS_AppUITests.xctest */ = {isa = PBXFileReference; explicitFileType = wrapper.cfbundle; includeInIndex = 0; path = First_iOS_AppUITests.xctest; sourceTree = BUILT_PRODUCTS_DIR; };
		9B94BE262C221E3A00C443DF /* First_iOS_AppUITests.swift */ = {isa = PBXFileReference; lastKnownFileType = sourcecode.swift; path = First_iOS_AppUITests.swift; sourceTree = "<group>"; };
		9B94BE282C221E3A00C443DF /* First_iOS_AppUITestsLaunchTests.swift */ = {isa = PBXFileReference; lastKnownFileType = sourcecode.swift; path = First_iOS_AppUITestsLaunchTests.swift; sourceTree = "<group>"; };
/* End PBXFileReference section */

/* Begin PBXFrameworksBuildPhase section */
		9B94BE052C221E3700C443DF /* Frameworks */ = {
			isa = PBXFrameworksBuildPhase;
			buildActionMask = 2147483647;
			files = (
			);
			runOnlyForDeploymentPostprocessing = 0;
		};
		9B94BE152C221E3A00C443DF /* Frameworks */ = {
			isa = PBXFrameworksBuildPhase;
			buildActionMask = 2147483647;
			files = (
			);
			runOnlyForDeploymentPostprocessing = 0;
		};
		9B94BE1F2C221E3A00C443DF /* Frameworks */ = {
			isa = PBXFrameworksBuildPhase;
			buildActionMask = 2147483647;
			files = (
			);
			runOnlyForDeploymentPostprocessing = 0;
		};
/* End PBXFrameworksBuildPhase section */

/* Begin PBXGroup section */
		9B94BDFF2C221E3700C443DF = {
			isa = PBXGroup;
			children = (
				9B94BE0A2C221E3700C443DF /* First_iOS_App */,
				9B94BE1B2C221E3A00C443DF /* First_iOS_AppTests */,
				9B94BE252C221E3A00C443DF /* First_iOS_AppUITests */,
				9B94BE092C221E3700C443DF /* Products */,
			);
			sourceTree = "<group>";
		};
		9B94BE092C221E3700C443DF /* Products */ = {
			isa = PBXGroup;
			children = (
				9B94BE082C221E3700C443DF /* First_iOS_App.app */,
				9B94BE182C221E3A00C443DF /* First_iOS_AppTests.xctest */,
				9B94BE222C221E3A00C443DF /* First_iOS_AppUITests.xctest */,
			);
			name = Products;
			sourceTree = "<group>";
		};
		9B94BE0A2C221E3700C443DF /* First_iOS_App */ = {
			isa = PBXGroup;
			children = (
				9B94BE0B2C221E3700C443DF /* First_iOS_AppApp.swift */,
				9B94BE0D2C221E3700C443DF /* ContentView.swift */,
				9B94BE0F2C221E3900C443DF /* Assets.xcassets */,
				9B94BE112C221E3900C443DF /* Preview Content */,
			);
			path = First_iOS_App;
			sourceTree = "<group>";
		};
		9B94BE112C221E3900C443DF /* Preview Content */ = {
			isa = PBXGroup;
			children = (
				9B94BE122C221E3900C443DF /* Preview Assets.xcassets */,
			);
			path = "Preview Content";
			sourceTree = "<group>";
		};
		9B94BE1B2C221E3A00C443DF /* First_iOS_AppTests */ = {
			isa = PBXGroup;
			children = (
				9B94BE1C2C221E3A00C443DF /* First_iOS_AppTests.swift */,
			);
			path = First_iOS_AppTests;
			sourceTree = "<group>";
		};
		9B94BE252C221E3A00C443DF /* First_iOS_AppUITests */ = {
			isa = PBXGroup;
			children = (
				9B94BE262C221E3A00C443DF /* First_iOS_AppUITests.swift */,
				9B94BE282C221E3A00C443DF /* First_iOS_AppUITestsLaunchTests.swift */,
			);
			path = First_iOS_AppUITests;
			sourceTree = "<group>";
		};
/* End PBXGroup section */

/* Begin PBXNativeTarget section */
		9B94BE072C221E3700C443DF /* First_iOS_App */ = {
			isa = PBXNativeTarget;
			buildConfigurationList = 9B94BE2C2C221E3A00C443DF /* Build configuration list for PBXNativeTarget "First_iOS_App" */;
			buildPhases = (
				9B94BE042C221E3700C443DF /* Sources */,
				9B94BE052C221E3700C443DF /* Frameworks */,
				9B94BE062C221E3700C443DF /* Resources */,
			);
			buildRules = (
			);
			dependencies = (
			);
			name = First_iOS_App;
			productName = First_iOS_App;
			productReference = 9B94BE082C221E3700C443DF /* First_iOS_App.app */;
			productType = "com.apple.product-type.application";
		};
		9B94BE172C221E3A00C443DF /* First_iOS_AppTests */ = {
			isa = PBXNativeTarget;
			buildConfigurationList = 9B94BE2F2C221E3A00C443DF /* Build configuration list for PBXNativeTarget "First_iOS_AppTests" */;
			buildPhases = (
				9B94BE142C221E3A00C443DF /* Sources */,
				9B94BE152C221E3A00C443DF /* Frameworks */,
				9B94BE162C221E3A00C443DF /* Resources */,
			);
			buildRules = (
			);
			dependencies = (
				9B94BE1A2C221E3A00C443DF /* PBXTargetDependency */,
			);
			name = First_iOS_AppTests;
			productName = First_iOS_AppTests;
			productReference = 9B94BE182C221E3A00C443DF /* First_iOS_AppTests.xctest */;
			productType = "com.apple.product-type.bundle.unit-test";
		};
		9B94BE212C221E3A00C443DF /* First_iOS_AppUITests */ = {
			isa = PBXNativeTarget;
			buildConfigurationList = 9B94BE322C221E3A00C443DF /* Build configuration list for PBXNativeTarget "First_iOS_AppUITests" */;
			buildPhases = (
				9B94BE1E2C221E3A00C443DF /* Sources */,
				9B94BE1F2C221E3A00C443DF /* Frameworks */,
				9B94BE202C221E3A00C443DF /* Resources */,
			);
			buildRules = (
			);
			dependencies = (
				9B94BE242C221E3A00C443DF /* PBXTargetDependency */,
			);
			name = First_iOS_AppUITests;
			productName = First_iOS_AppUITests;
			productReference = 9B94BE222C221E3A00C443DF /* First_iOS_AppUITests.xctest */;
			productType = "com.apple.product-type.bundle.ui-testing";
		};
/* End PBXNativeTarget section */

/* Begin PBXProject section */
		9B94BE002C221E3700C443DF /* Project object */ = {
			isa = PBXProject;
			attributes = {
				BuildIndependentTargetsInParallel = 1;
				LastSwiftUpdateCheck = 1530;
				LastUpgradeCheck = 1530;
				TargetAttributes = {
					9B94BE072C221E3700C443DF = {
						CreatedOnToolsVersion = 15.3;
					};
					9B94BE172C221E3A00C443DF = {
						CreatedOnToolsVersion = 15.3;
						TestTargetID = 9B94BE072C221E3700C443DF;
					};
					9B94BE212C221E3A00C443DF = {
						CreatedOnToolsVersion = 15.3;
						TestTargetID = 9B94BE072C221E3700C443DF;
					};
				};
			};
			buildConfigurationList = 9B94BE032C221E3700C443DF /* Build configuration list for PBXProject "First_iOS_App" */;
			compatibilityVersion = "Xcode 14.0";
			developmentRegion = en;
			hasScannedForEncodings = 0;
			knownRegions = (
				en,
				Base,
			);
			mainGroup = 9B94BDFF2C221E3700C443DF;
			productRefGroup = 9B94BE092C221E3700C443DF /* Products */;
			projectDirPath = "";
			projectRoot = "";
			targets = (
				9B94BE072C221E3700C443DF /* First_iOS_App */,
				9B94BE172C221E3A00C443DF /* First_iOS_AppTests */,
				9B94BE212C221E3A00C443DF /* First_iOS_AppUITests */,
			);
		};
/* End PBXProject section */

/* Begin PBXResourcesBuildPhase section */
		9B94BE062C221E3700C443DF /* Resources */ = {
			isa = PBXResourcesBuildPhase;
			buildActionMask = 2147483647;
			files = (
				9B94BE132C221E3900C443DF /* Preview Assets.xcassets in Resources */,
				9B94BE102C221E3900C443DF /* Assets.xcassets in Resources */,
			);
			runOnlyForDeploymentPostprocessing = 0;
		};
		9B94BE162C221E3A00C443DF /* Resources */ = {
			isa = PBXResourcesBuildPhase;
			buildActionMask = 2147483647;
			files = (
			);
			runOnlyForDeploymentPostprocessing = 0;
		};
		9B94BE202C221E3A00C443DF /* Resources */ = {
			isa = PBXResourcesBuildPhase;
			buildActionMask = 2147483647;
			files = (
			);
			runOnlyForDeploymentPostprocessing = 0;
		};
/* End PBXResourcesBuildPhase section */

/* Begin PBXSourcesBuildPhase section */
		9B94BE042C221E3700C443DF /* Sources */ = {
			isa = PBXSourcesBuildPhase;
			buildActionMask = 2147483647;
			files = (
				9B94BE0E2C221E3700C443DF /* ContentView.swift in Sources */,
				9B94BE0C2C221E3700C443DF /* First_iOS_AppApp.swift in Sources */,
			);
			runOnlyForDeploymentPostprocessing = 0;
		};
		9B94BE142C221E3A00C443DF /* Sources */ = {
			isa = PBXSourcesBuildPhase;
			buildActionMask = 2147483647;
			files = (
				9B94BE1D2C221E3A00C443DF /* First_iOS_AppTests.swift in Sources */,
			);
			runOnlyForDeploymentPostprocessing = 0;
		};
		9B94BE1E2C221E3A00C443DF /* Sources */ = {
			isa = PBXSourcesBuildPhase;
			buildActionMask = 2147483647;
			files = (
				9B94BE272C221E3A00C443DF /* First_iOS_AppUITests.swift in Sources */,
				9B94BE292C221E3A00C443DF /* First_iOS_AppUITestsLaunchTests.swift in Sources */,
			);
			runOnlyForDeploymentPostprocessing = 0;
		};
/* End PBXSourcesBuildPhase section */

/* Begin PBXTargetDependency section */
		9B94BE1A2C221E3A00C443DF /* PBXTargetDependency */ = {
			isa = PBXTargetDependency;
			target = 9B94BE072C221E3700C443DF /* First_iOS_App */;
			targetProxy = 9B94BE192C221E3A00C443DF /* PBXContainerItemProxy */;
		};
		9B94BE242C221E3A00C443DF /* PBXTargetDependency */ = {
			isa = PBXTargetDependency;
			target = 9B94BE072C221E3700C443DF /* First_iOS_App */;
			targetProxy = 9B94BE232C221E3A00C443DF /* PBXContainerItemProxy */;
		};
/* End PBXTargetDependency section */

/* Begin XCBuildConfiguration section */
		9B94BE2A2C221E3A00C443DF /* Debug */ = {
			isa = XCBuildConfiguration;
			buildSettings = {
				ALWAYS_SEARCH_USER_PATHS = NO;
				ASSETCATALOG_COMPILER_GENERATE_SWIFT_ASSET_SYMBOL_EXTENSIONS = YES;
				CLANG_ANALYZER_NONNULL = YES;
				CLANG_ANALYZER_NUMBER_OBJECT_CONVERSION = YES_AGGRESSIVE;
				CLANG_CXX_LANGUAGE_STANDARD = "gnu++20";
				CLANG_ENABLE_MODULES = YES;
				CLANG_ENABLE_OBJC_ARC = YES;
				CLANG_ENABLE_OBJC_WEAK = YES;
				CLANG_WARN_BLOCK_CAPTURE_AUTORELEASING = YES;
				CLANG_WARN_BOOL_CONVERSION = YES;
				CLANG_WARN_COMMA = YES;
				CLANG_WARN_CONSTANT_CONVERSION = YES;
				CLANG_WARN_DEPRECATED_OBJC_IMPLEMENTATIONS = YES;
				CLANG_WARN_DIRECT_OBJC_ISA_USAGE = YES_ERROR;
				CLANG_WARN_DOCUMENTATION_COMMENTS = YES;
				CLANG_WARN_EMPTY_BODY = YES;
				CLANG_WARN_ENUM_CONVERSION = YES;
				CLANG_WARN_INFINITE_RECURSION = YES;
				CLANG_WARN_INT_CONVERSION = YES;
				CLANG_WARN_NON_LITERAL_NULL_CONVERSION = YES;
				CLANG_WARN_OBJC_IMPLICIT_RETAIN_SELF = YES;
				CLANG_WARN_OBJC_LITERAL_CONVERSION = YES;
				CLANG_WARN_OBJC_ROOT_CLASS = YES_ERROR;
				CLANG_WARN_QUOTED_INCLUDE_IN_FRAMEWORK_HEADER = YES;
				CLANG_WARN_RANGE_LOOP_ANALYSIS = YES;
				CLANG_WARN_STRICT_PROTOTYPES = YES;
				CLANG_WARN_SUSPICIOUS_MOVE = YES;
				CLANG_WARN_UNGUARDED_AVAILABILITY = YES_AGGRESSIVE;
				CLANG_WARN_UNREACHABLE_CODE = YES;
				CLANG_WARN__DUPLICATE_METHOD_MATCH = YES;
				COPY_PHASE_STRIP = NO;
				DEBUG_INFORMATION_FORMAT = dwarf;
				ENABLE_STRICT_OBJC_MSGSEND = YES;
				ENABLE_TESTABILITY = YES;
				ENABLE_USER_SCRIPT_SANDBOXING = YES;
				GCC_C_LANGUAGE_STANDARD = gnu17;
				GCC_DYNAMIC_NO_PIC = NO;
				GCC_NO_COMMON_BLOCKS = YES;
				GCC_OPTIMIZATION_LEVEL = 0;
				GCC_PREPROCESSOR_DEFINITIONS = (
					"DEBUG=1",
					"$(inherited)",
				);
				GCC_WARN_64_TO_32_BIT_CONVERSION = YES;
				GCC_WARN_ABOUT_RETURN_TYPE = YES_ERROR;
				GCC_WARN_UNDECLARED_SELECTOR = YES;
				GCC_WARN_UNINITIALIZED_AUTOS = YES_AGGRESSIVE;
				GCC_WARN_UNUSED_FUNCTION = YES;
				GCC_WARN_UNUSED_VARIABLE = YES;
				IPHONEOS_DEPLOYMENT_TARGET = 17.4;
				LOCALIZATION_PREFERS_STRING_CATALOGS = YES;
				MTL_ENABLE_DEBUG_INFO = INCLUDE_SOURCE;
				MTL_FAST_MATH = YES;
				ONLY_ACTIVE_ARCH = YES;
				SDKROOT = iphoneos;
				SWIFT_ACTIVE_COMPILATION_CONDITIONS = "DEBUG $(inherited)";
				SWIFT_OPTIMIZATION_LEVEL = "-Onone";
			};
			name = Debug;
		};
		9B94BE2B2C221E3A00C443DF /* Release */ = {
			isa = XCBuildConfiguration;
			buildSettings = {
				ALWAYS_SEARCH_USER_PATHS = NO;
				ASSETCATALOG_COMPILER_GENERATE_SWIFT_ASSET_SYMBOL_EXTENSIONS = YES;
				CLANG_ANALYZER_NONNULL = YES;
				CLANG_ANALYZER_NUMBER_OBJECT_CONVERSION = YES_AGGRESSIVE;
				CLANG_CXX_LANGUAGE_STANDARD = "gnu++20";
				CLANG_ENABLE_MODULES = YES;
				CLANG_ENABLE_OBJC_ARC = YES;
				CLANG_ENABLE_OBJC_WEAK = YES;
				CLANG_WARN_BLOCK_CAPTURE_AUTORELEASING = YES;
				CLANG_WARN_BOOL_CONVERSION = YES;
				CLANG_WARN_COMMA = YES;
				CLANG_WARN_CONSTANT_CONVERSION = YES;
				CLANG_WARN_DEPRECATED_OBJC_IMPLEMENTATIONS = YES;
				CLANG_WARN_DIRECT_OBJC_ISA_USAGE = YES_ERROR;
				CLANG_WARN_DOCUMENTATION_COMMENTS = YES;
				CLANG_WARN_EMPTY_BODY = YES;
				CLANG_WARN_ENUM_CONVERSION = YES;
				CLANG_WARN_INFINITE_RECURSION = YES;
				CLANG_WARN_INT_CONVERSION = YES;
				CLANG_WARN_NON_LITERAL_NULL_CONVERSION = YES;
				CLANG_WARN_OBJC_IMPLICIT_RETAIN_SELF = YES;
				CLANG_WARN_OBJC_LITERAL_CONVERSION = YES;
				CLANG_WARN_OBJC_ROOT_CLASS = YES_ERROR;
				CLANG_WARN_QUOTED_INCLUDE_IN_FRAMEWORK_HEADER = YES;
				CLANG_WARN_RANGE_LOOP_ANALYSIS = YES;
				CLANG_WARN_STRICT_PROTOTYPES = YES;
				CLANG_WARN_SUSPICIOUS_MOVE = YES;
				CLANG_WARN_UNGUARDED_AVAILABILITY = YES_AGGRESSIVE;
				CLANG_WARN_UNREACHABLE_CODE = YES;
				CLANG_WARN__DUPLICATE_METHOD_MATCH = YES;
				COPY_PHASE_STRIP = NO;
				DEBUG_INFORMATION_FORMAT = "dwarf-with-dsym";
				ENABLE_NS_ASSERTIONS = NO;
				ENABLE_STRICT_OBJC_MSGSEND = YES;
				ENABLE_USER_SCRIPT_SANDBOXING = YES;
				GCC_C_LANGUAGE_STANDARD = gnu17;
				GCC_NO_COMMON_BLOCKS = YES;
				GCC_WARN_64_TO_32_BIT_CONVERSION = YES;
				GCC_WARN_ABOUT_RETURN_TYPE = YES_ERROR;
				GCC_WARN_UNDECLARED_SELECTOR = YES;
				GCC_WARN_UNINITIALIZED_AUTOS = YES_AGGRESSIVE;
				GCC_WARN_UNUSED_FUNCTION = YES;
				GCC_WARN_UNUSED_VARIABLE = YES;
				IPHONEOS_DEPLOYMENT_TARGET = 17.4;
				LOCALIZATION_PREFERS_STRING_CATALOGS = YES;
				MTL_ENABLE_DEBUG_INFO = NO;
				MTL_FAST_MATH = YES;
				SDKROOT = iphoneos;
				SWIFT_COMPILATION_MODE = wholemodule;
				VALIDATE_PRODUCT = YES;
			};
			name = Release;
		};
		9B94BE2D2C221E3A00C443DF /* Debug */ = {
			isa = XCBuildConfiguration;
			buildSettings = {
				ASSETCATALOG_COMPILER_APPICON_NAME = AppIcon;
				ASSETCATALOG_COMPILER_GLOBAL_ACCENT_COLOR_NAME = AccentColor;
				CODE_SIGN_STYLE = Automatic;
				CURRENT_PROJECT_VERSION = 1;
				DEVELOPMENT_ASSET_PATHS = "\"First_iOS_App/Preview Content\"";
				DEVELOPMENT_TEAM = PPUP2D45AY;
				ENABLE_PREVIEWS = YES;
				GENERATE_INFOPLIST_FILE = YES;
				INFOPLIST_KEY_UIApplicationSceneManifest_Generation = YES;
				INFOPLIST_KEY_UIApplicationSupportsIndirectInputEvents = YES;
				INFOPLIST_KEY_UILaunchScreen_Generation = YES;
				INFOPLIST_KEY_UISupportedInterfaceOrientations_iPad = "UIInterfaceOrientationPortrait UIInterfaceOrientationPortraitUpsideDown UIInterfaceOrientationLandscapeLeft UIInterfaceOrientationLandscapeRight";
				INFOPLIST_KEY_UISupportedInterfaceOrientations_iPhone = "UIInterfaceOrientationPortrait UIInterfaceOrientationLandscapeLeft UIInterfaceOrientationLandscapeRight";
				LD_RUNPATH_SEARCH_PATHS = (
					"$(inherited)",
					"@executable_path/Frameworks",
				);
				MARKETING_VERSION = 1.0;
				PRODUCT_BUNDLE_IDENTIFIER = "SteveCabral.First-iOS-App";
				PRODUCT_NAME = "$(TARGET_NAME)";
				SWIFT_EMIT_LOC_STRINGS = YES;
				SWIFT_VERSION = 5.0;
				TARGETED_DEVICE_FAMILY = "1,2";
			};
			name = Debug;
		};
		9B94BE2E2C221E3A00C443DF /* Release */ = {
			isa = XCBuildConfiguration;
			buildSettings = {
				ASSETCATALOG_COMPILER_APPICON_NAME = AppIcon;
				ASSETCATALOG_COMPILER_GLOBAL_ACCENT_COLOR_NAME = AccentColor;
				CODE_SIGN_STYLE = Automatic;
				CURRENT_PROJECT_VERSION = 1;
				DEVELOPMENT_ASSET_PATHS = "\"First_iOS_App/Preview Content\"";
				DEVELOPMENT_TEAM = PPUP2D45AY;
				ENABLE_PREVIEWS = YES;
				GENERATE_INFOPLIST_FILE = YES;
				INFOPLIST_KEY_UIApplicationSceneManifest_Generation = YES;
				INFOPLIST_KEY_UIApplicationSupportsIndirectInputEvents = YES;
				INFOPLIST_KEY_UILaunchScreen_Generation = YES;
				INFOPLIST_KEY_UISupportedInterfaceOrientations_iPad = "UIInterfaceOrientationPortrait UIInterfaceOrientationPortraitUpsideDown UIInterfaceOrientationLandscapeLeft UIInterfaceOrientationLandscapeRight";
				INFOPLIST_KEY_UISupportedInterfaceOrientations_iPhone = "UIInterfaceOrientationPortrait UIInterfaceOrientationLandscapeLeft UIInterfaceOrientationLandscapeRight";
				LD_RUNPATH_SEARCH_PATHS = (
					"$(inherited)",
					"@executable_path/Frameworks",
				);
				MARKETING_VERSION = 1.0;
				PRODUCT_BUNDLE_IDENTIFIER = "SteveCabral.First-iOS-App";
				PRODUCT_NAME = "$(TARGET_NAME)";
				SWIFT_EMIT_LOC_STRINGS = YES;
				SWIFT_VERSION = 5.0;
				TARGETED_DEVICE_FAMILY = "1,2";
			};
			name = Release;
		};
		9B94BE302C221E3A00C443DF /* Debug */ = {
			isa = XCBuildConfiguration;
			buildSettings = {
				ALWAYS_EMBED_SWIFT_STANDARD_LIBRARIES = YES;
				BUNDLE_LOADER = "$(TEST_HOST)";
				CODE_SIGN_STYLE = Automatic;
				CURRENT_PROJECT_VERSION = 1;
				DEVELOPMENT_TEAM = PPUP2D45AY;
				GENERATE_INFOPLIST_FILE = YES;
				IPHONEOS_DEPLOYMENT_TARGET = 17.4;
				MARKETING_VERSION = 1.0;
				PRODUCT_BUNDLE_IDENTIFIER = "SteveCabral.First-iOS-AppTests";
				PRODUCT_NAME = "$(TARGET_NAME)";
				SWIFT_EMIT_LOC_STRINGS = NO;
				SWIFT_VERSION = 5.0;
				TARGETED_DEVICE_FAMILY = "1,2";
				TEST_HOST = "$(BUILT_PRODUCTS_DIR)/First_iOS_App.app/$(BUNDLE_EXECUTABLE_FOLDER_PATH)/First_iOS_App";
			};
			name = Debug;
		};
		9B94BE312C221E3A00C443DF /* Release */ = {
			isa = XCBuildConfiguration;
			buildSettings = {
				ALWAYS_EMBED_SWIFT_STANDARD_LIBRARIES = YES;
				BUNDLE_LOADER = "$(TEST_HOST)";
				CODE_SIGN_STYLE = Automatic;
				CURRENT_PROJECT_VERSION = 1;
				DEVELOPMENT_TEAM = PPUP2D45AY;
				GENERATE_INFOPLIST_FILE = YES;
				IPHONEOS_DEPLOYMENT_TARGET = 17.4;
				MARKETING_VERSION = 1.0;
				PRODUCT_BUNDLE_IDENTIFIER = "SteveCabral.First-iOS-AppTests";
				PRODUCT_NAME = "$(TARGET_NAME)";
				SWIFT_EMIT_LOC_STRINGS = NO;
				SWIFT_VERSION = 5.0;
				TARGETED_DEVICE_FAMILY = "1,2";
				TEST_HOST = "$(BUILT_PRODUCTS_DIR)/First_iOS_App.app/$(BUNDLE_EXECUTABLE_FOLDER_PATH)/First_iOS_App";
			};
			name = Release;
		};
		9B94BE332C221E3A00C443DF /* Debug */ = {
			isa = XCBuildConfiguration;
			buildSettings = {
				ALWAYS_EMBED_SWIFT_STANDARD_LIBRARIES = YES;
				CODE_SIGN_STYLE = Automatic;
				CURRENT_PROJECT_VERSION = 1;
				DEVELOPMENT_TEAM = PPUP2D45AY;
				GENERATE_INFOPLIST_FILE = YES;
				MARKETING_VERSION = 1.0;
				PRODUCT_BUNDLE_IDENTIFIER = "SteveCabral.First-iOS-AppUITests";
				PRODUCT_NAME = "$(TARGET_NAME)";
				SWIFT_EMIT_LOC_STRINGS = NO;
				SWIFT_VERSION = 5.0;
				TARGETED_DEVICE_FAMILY = "1,2";
				TEST_TARGET_NAME = First_iOS_App;
			};
			name = Debug;
		};
		9B94BE342C221E3A00C443DF /* Release */ = {
			isa = XCBuildConfiguration;
			buildSettings = {
				ALWAYS_EMBED_SWIFT_STANDARD_LIBRARIES = YES;
				CODE_SIGN_STYLE = Automatic;
				CURRENT_PROJECT_VERSION = 1;
				DEVELOPMENT_TEAM = PPUP2D45AY;
				GENERATE_INFOPLIST_FILE = YES;
				MARKETING_VERSION = 1.0;
				PRODUCT_BUNDLE_IDENTIFIER = "SteveCabral.First-iOS-AppUITests";
				PRODUCT_NAME = "$(TARGET_NAME)";
				SWIFT_EMIT_LOC_STRINGS = NO;
				SWIFT_VERSION = 5.0;
				TARGETED_DEVICE_FAMILY = "1,2";
				TEST_TARGET_NAME = First_iOS_App;
			};
			name = Release;
		};
/* End XCBuildConfiguration section */

/* Begin XCConfigurationList section */
		9B94BE032C221E3700C443DF /* Build configuration list for PBXProject "First_iOS_App" */ = {
			isa = XCConfigurationList;
			buildConfigurations = (
				9B94BE2A2C221E3A00C443DF /* Debug */,
				9B94BE2B2C221E3A00C443DF /* Release */,
			);
			defaultConfigurationIsVisible = 0;
			defaultConfigurationName = Release;
		};
		9B94BE2C2C221E3A00C443DF /* Build configuration list for PBXNativeTarget "First_iOS_App" */ = {
			isa = XCConfigurationList;
			buildConfigurations = (
				9B94BE2D2C221E3A00C443DF /* Debug */,
				9B94BE2E2C221E3A00C443DF /* Release */,
			);
			defaultConfigurationIsVisible = 0;
			defaultConfigurationName = Release;
		};
		9B94BE2F2C221E3A00C443DF /* Build configuration list for PBXNativeTarget "First_iOS_AppTests" */ = {
			isa = XCConfigurationList;
			buildConfigurations = (
				9B94BE302C221E3A00C443DF /* Debug */,
				9B94BE312C221E3A00C443DF /* Release */,
			);
			defaultConfigurationIsVisible = 0;
			defaultConfigurationName = Release;
		};
		9B94BE322C221E3A00C443DF /* Build configuration list for PBXNativeTarget "First_iOS_AppUITests" */ = {
			isa = XCConfigurationList;
			buildConfigurations = (
				9B94BE332C221E3A00C443DF /* Debug */,
				9B94BE342C221E3A00C443DF /* Release */,
			);
			defaultConfigurationIsVisible = 0;
			defaultConfigurationName = Release;
		};
/* End XCConfigurationList section */
	};
	rootObject = 9B94BE002C221E3700C443DF /* Project object */;
}
